
Microsoft Visual Studio Solution File, Format Version 12.00
# Visual Studio 15
VisualStudioVersion = 15.0.27428.2043
MinimumVisualStudioVersion = 10.0.40219.1
Project("{FAE04EC0-301F-11D3-BF4B-00C04F79EFBC}") = "2DArray_hour_glass", "2DArray_hour_glass\2DArray_hour_glass.csproj", "{5E3F2977-A2DC-492D-AB71-01F6A64DEDB1}"
EndProject
Global
	GlobalSection(SolutionConfigurationPlatforms) = preSolution
		Debug|Any CPU = Debug|Any CPU
		Release|Any CPU = Release|Any CPU
	EndGlobalSection
	GlobalSection(ProjectConfigurationPlatforms) = postSolution
		{5E3F2977-A2DC-492D-AB71-01F6A64DEDB1}.Debug|Any CPU.ActiveCfg = Debug|Any CPU
		{5E3F2977-A2DC-492D-AB71-01F6A64DEDB1}.Debug|Any CPU.Build.0 = Debug|Any CPU
		{5E3F2977-A2DC-492D-AB71-01F6A64DEDB1}.Release|Any CPU.ActiveCfg = Release|Any CPU
		{5E3F2977-A2DC-492D-AB71-01F6A64DEDB1}.Release|Any CPU.Build.0 = Release|Any CPU
	EndGlobalSection
	GlobalSection(SolutionProperties) = preSolution
		HideSolutionNode = FALSE
	EndGlobalSection
	GlobalSection(ExtensibilityGlobals) = postSolution
		SolutionGuid = {2A3899F0-3CC0-4FF0-A624-FC6737B6008F}
	EndGlobalSection
EndGlobal
